{
    "php": {
        "version": "7.2"
    },
    "symfony/asset": {
        "version": "v5.0.5"
    },
    "symfony/form": {
        "version": "v5.0.5"
    },
    "symfony/inflector": {
        "version": "v5.0.5"
    },
    "symfony/intl": {
        "version": "v5.0.5"
    },
    "symfony/options-resolver": {
        "version": "v5.0.5"
    },
    "symfony/polyfill-intl-icu": {
        "version": "v1.14.0"
    },
    "symfony/property-access": {
        "version": "v5.0.5"
    },
    "symfony/validator": {
        "version": "4.3",
        "recipe": {
            "repo": "github.com/symfony/recipes",
            "branch": "master",
            "version": "4.3",
            "ref": "d902da3e4952f18d3bf05aab29512eb61cabd869"
        },
        "files": [
            "config/packages/test/validator.yaml",
            "config/packages/validator.yaml"
        ]
    }
}
